// !$*UTF8*$!
{
	archiveVersion = 1;
	classes = {
	};
	objectVersion = 46;
	objects = {

/* Begin PBXBuildFile section */
		614316481BEF843A0047A37D /* AppDelegate.swift in Sources */ = {isa = PBXBuildFile; fileRef = 614316471BEF843A0047A37D /* AppDelegate.swift */; };
		6143164A1BEF843A0047A37D /* ViewController.swift in Sources */ = {isa = PBXBuildFile; fileRef = 614316491BEF843A0047A37D /* ViewController.swift */; };
		6143164D1BEF843A0047A37D /* Main.storyboard in Resources */ = {isa = PBXBuildFile; fileRef = 6143164B1BEF843A0047A37D /* Main.storyboard */; };
		6143164F1BEF843A0047A37D /* Assets.xcassets in Resources */ = {isa = PBXBuildFile; fileRef = 6143164E1BEF843A0047A37D /* Assets.xcassets */; };
		614316521BEF843A0047A37D /* LaunchScreen.storyboard in Resources */ = {isa = PBXBuildFile; fileRef = 614316501BEF843A0047A37D /* LaunchScreen.storyboard */; };
		6143165D1BEF843A0047A37D /* Break_in2Tests.swift in Sources */ = {isa = PBXBuildFile; fileRef = 6143165C1BEF843A0047A37D /* Break_in2Tests.swift */; };
		614316681BEF843A0047A37D /* Break_in2UITests.swift in Sources */ = {isa = PBXBuildFile; fileRef = 614316671BEF843A0047A37D /* Break_in2UITests.swift */; };
/* End PBXBuildFile section */

/* Begin PBXContainerItemProxy section */
		614316591BEF843A0047A37D /* PBXContainerItemProxy */ = {
			isa = PBXContainerItemProxy;
			containerPortal = 6143163C1BEF843A0047A37D /* Project object */;
			proxyType = 1;
			remoteGlobalIDString = 614316431BEF843A0047A37D;
			remoteInfo = "Break in2";
		};
		614316641BEF843A0047A37D /* PBXContainerItemProxy */ = {
			isa = PBXContainerItemProxy;
			containerPortal = 6143163C1BEF843A0047A37D /* Project object */;
			proxyType = 1;
			remoteGlobalIDString = 614316431BEF843A0047A37D;
			remoteInfo = "Break in2";
		};
/* End PBXContainerItemProxy section */

/* Begin PBXFileReference section */
		614316441BEF843A0047A37D /* Break in2.app */ = {isa = PBXFileReference; explicitFileType = wrapper.application; includeInIndex = 0; path = "Break in2.app"; sourceTree = BUILT_PRODUCTS_DIR; };
		614316471BEF843A0047A37D /* AppDelegate.swift */ = {isa = PBXFileReference; lastKnownFileType = sourcecode.swift; path = AppDelegate.swift; sourceTree = "<group>"; };
		614316491BEF843A0047A37D /* ViewController.swift */ = {isa = PBXFileReference; lastKnownFileType = sourcecode.swift; path = ViewController.swift; sourceTree = "<group>"; };
		6143164C1BEF843A0047A37D /* Base */ = {isa = PBXFileReference; lastKnownFileType = file.storyboard; name = Base; path = Base.lproj/Main.storyboard; sourceTree = "<group>"; };
		6143164E1BEF843A0047A37D /* Assets.xcassets */ = {isa = PBXFileReference; lastKnownFileType = folder.assetcatalog; path = Assets.xcassets; sourceTree = "<group>"; };
		614316511BEF843A0047A37D /* Base */ = {isa = PBXFileReference; lastKnownFileType = file.storyboard; name = Base; path = Base.lproj/LaunchScreen.storyboard; sourceTree = "<group>"; };
		614316531BEF843A0047A37D /* Info.plist */ = {isa = PBXFileReference; lastKnownFileType = text.plist.xml; path = Info.plist; sourceTree = "<group>"; };
		614316581BEF843A0047A37D /* Break in2Tests.xctest */ = {isa = PBXFileReference; explicitFileType = wrapper.cfbundle; includeInIndex = 0; path = "Break in2Tests.xctest"; sourceTree = BUILT_PRODUCTS_DIR; };
		6143165C1BEF843A0047A37D /* Break_in2Tests.swift */ = {isa = PBXFileReference; lastKnownFileType = sourcecode.swift; path = Break_in2Tests.swift; sourceTree = "<group>"; };
		6143165E1BEF843A0047A37D /* Info.plist */ = {isa = PBXFileReference; lastKnownFileType = text.plist.xml; path = Info.plist; sourceTree = "<group>"; };
		614316631BEF843A0047A37D /* Break in2UITests.xctest */ = {isa = PBXFileReference; explicitFileType = wrapper.cfbundle; includeInIndex = 0; path = "Break in2UITests.xctest"; sourceTree = BUILT_PRODUCTS_DIR; };
		614316671BEF843A0047A37D /* Break_in2UITests.swift */ = {isa = PBXFileReference; lastKnownFileType = sourcecode.swift; path = Break_in2UITests.swift; sourceTree = "<group>"; };
		614316691BEF843A0047A37D /* Info.plist */ = {isa = PBXFileReference; lastKnownFileType = text.plist.xml; path = Info.plist; sourceTree = "<group>"; };
/* End PBXFileReference section */

/* Begin PBXFrameworksBuildPhase section */
		614316411BEF843A0047A37D /* Frameworks */ = {
			isa = PBXFrameworksBuildPhase;
			buildActionMask = 2147483647;
			files = (
			);
			runOnlyForDeploymentPostprocessing = 0;
		};
		614316551BEF843A0047A37D /* Frameworks */ = {
			isa = PBXFrameworksBuildPhase;
			buildActionMask = 2147483647;
			files = (
			);
			runOnlyForDeploymentPostprocessing = 0;
		};
		614316601BEF843A0047A37D /* Frameworks */ = {
			isa = PBXFrameworksBuildPhase;
			buildActionMask = 2147483647;
			files = (
			);
			runOnlyForDeploymentPostprocessing = 0;
		};
/* End PBXFrameworksBuildPhase section */

/* Begin PBXGroup section */
		6143163B1BEF843A0047A37D = {
			isa = PBXGroup;
			children = (
				614316461BEF843A0047A37D /* Break in2 */,
				6143165B1BEF843A0047A37D /* Break in2Tests */,
				614316661BEF843A0047A37D /* Break in2UITests */,
				614316451BEF843A0047A37D /* Products */,
			);
			sourceTree = "<group>";
		};
		614316451BEF843A0047A37D /* Products */ = {
			isa = PBXGroup;
			children = (
				614316441BEF843A0047A37D /* Break in2.app */,
				614316581BEF843A0047A37D /* Break in2Tests.xctest */,
				614316631BEF843A0047A37D /* Break in2UITests.xctest */,
			);
			name = Products;
			sourceTree = "<group>";
		};
		614316461BEF843A0047A37D /* Break in2 */ = {
			isa = PBXGroup;
			children = (
				614316471BEF843A0047A37D /* AppDelegate.swift */,
				614316491BEF843A0047A37D /* ViewController.swift */,
				6143164B1BEF843A0047A37D /* Main.storyboard */,
				6143164E1BEF843A0047A37D /* Assets.xcassets */,
				614316501BEF843A0047A37D /* LaunchScreen.storyboard */,
				614316531BEF843A0047A37D /* Info.plist */,
			);
			path = "Break in2";
			sourceTree = "<group>";
		};
		6143165B1BEF843A0047A37D /* Break in2Tests */ = {
			isa = PBXGroup;
			children = (
				6143165C1BEF843A0047A37D /* Break_in2Tests.swift */,
				6143165E1BEF843A0047A37D /* Info.plist */,
			);
			path = "Break in2Tests";
			sourceTree = "<group>";
		};
		614316661BEF843A0047A37D /* Break in2UITests */ = {
			isa = PBXGroup;
			children = (
				614316671BEF843A0047A37D /* Break_in2UITests.swift */,
				614316691BEF843A0047A37D /* Info.plist */,
			);
			path = "Break in2UITests";
			sourceTree = "<group>";
		};
/* End PBXGroup section */

/* Begin PBXNativeTarget section */
		614316431BEF843A0047A37D /* Break in2 */ = {
			isa = PBXNativeTarget;
			buildConfigurationList = 6143166C1BEF843A0047A37D /* Build configuration list for PBXNativeTarget "Break in2" */;
			buildPhases = (
				614316401BEF843A0047A37D /* Sources */,
				614316411BEF843A0047A37D /* Frameworks */,
				614316421BEF843A0047A37D /* Resources */,
			);
			buildRules = (
			);
			dependencies = (
			);
			name = "Break in2";
			productName = "Break in2";
			productReference = 614316441BEF843A0047A37D /* Break in2.app */;
			productType = "com.apple.product-type.application";
		};
		614316571BEF843A0047A37D /* Break in2Tests */ = {
			isa = PBXNativeTarget;
			buildConfigurationList = 6143166F1BEF843A0047A37D /* Build configuration list for PBXNativeTarget "Break in2Tests" */;
			buildPhases = (
				614316541BEF843A0047A37D /* Sources */,
				614316551BEF843A0047A37D /* Frameworks */,
				614316561BEF843A0047A37D /* Resources */,
			);
			buildRules = (
			);
			dependencies = (
				6143165A1BEF843A0047A37D /* PBXTargetDependency */,
			);
			name = "Break in2Tests";
			productName = "Break in2Tests";
			productReference = 614316581BEF843A0047A37D /* Break in2Tests.xctest */;
			productType = "com.apple.product-type.bundle.unit-test";
		};
		614316621BEF843A0047A37D /* Break in2UITests */ = {
			isa = PBXNativeTarget;
			buildConfigurationList = 614316721BEF843A0047A37D /* Build configuration list for PBXNativeTarget "Break in2UITests" */;
			buildPhases = (
				6143165F1BEF843A0047A37D /* Sources */,
				614316601BEF843A0047A37D /* Frameworks */,
				614316611BEF843A0047A37D /* Resources */,
			);
			buildRules = (
			);
			dependencies = (
				614316651BEF843A0047A37D /* PBXTargetDependency */,
			);
			name = "Break in2UITests";
			productName = "Break in2UITests";
			productReference = 614316631BEF843A0047A37D /* Break in2UITests.xctest */;
			productType = "com.apple.product-type.bundle.ui-testing";
		};
/* End PBXNativeTarget section */

/* Begin PBXProject section */
		6143163C1BEF843A0047A37D /* Project object */ = {
			isa = PBXProject;
			attributes = {
				LastSwiftUpdateCheck = 0710;
				LastUpgradeCheck = 0710;
				ORGANIZATIONNAME = Appside;
				TargetAttributes = {
					614316431BEF843A0047A37D = {
						CreatedOnToolsVersion = 7.1;
					};
					614316571BEF843A0047A37D = {
						CreatedOnToolsVersion = 7.1;
						TestTargetID = 614316431BEF843A0047A37D;
					};
					614316621BEF843A0047A37D = {
						CreatedOnToolsVersion = 7.1;
						TestTargetID = 614316431BEF843A0047A37D;
					};
				};
			};
			buildConfigurationList = 6143163F1BEF843A0047A37D /* Build configuration list for PBXProject "Break in2" */;
			compatibilityVersion = "Xcode 3.2";
			developmentRegion = English;
			hasScannedForEncodings = 0;
			knownRegions = (
				en,
				Base,
			);
			mainGroup = 6143163B1BEF843A0047A37D;
			productRefGroup = 614316451BEF843A0047A37D /* Products */;
			projectDirPath = "";
			projectRoot = "";
			targets = (
				614316431BEF843A0047A37D /* Break in2 */,
				614316571BEF843A0047A37D /* Break in2Tests */,
				614316621BEF843A0047A37D /* Break in2UITests */,
			);
		};
/* End PBXProject section */

/* Begin PBXResourcesBuildPhase section */
		614316421BEF843A0047A37D /* Resources */ = {
			isa = PBXResourcesBuildPhase;
			buildActionMask = 2147483647;
			files = (
				614316521BEF843A0047A37D /* LaunchScreen.storyboard in Resources */,
				6143164F1BEF843A0047A37D /* Assets.xcassets in Resources */,
				6143164D1BEF843A0047A37D /* Main.storyboard in Resources */,
			);
			runOnlyForDeploymentPostprocessing = 0;
		};
		614316561BEF843A0047A37D /* Resources */ = {
			isa = PBXResourcesBuildPhase;
			buildActionMask = 2147483647;
			files = (
			);
			runOnlyForDeploymentPostprocessing = 0;
		};
		614316611BEF843A0047A37D /* Resources */ = {
			isa = PBXResourcesBuildPhase;
			buildActionMask = 2147483647;
			files = (
			);
			runOnlyForDeploymentPostprocessing = 0;
		};
/* End PBXResourcesBuildPhase section */

/* Begin PBXSourcesBuildPhase section */
		614316401BEF843A0047A37D /* Sources */ = {
			isa = PBXSourcesBuildPhase;
			buildActionMask = 2147483647;
			files = (
				6143164A1BEF843A0047A37D /* ViewController.swift in Sources */,
				614316481BEF843A0047A37D /* AppDelegate.swift in Sources */,
			);
			runOnlyForDeploymentPostprocessing = 0;
		};
		614316541BEF843A0047A37D /* Sources */ = {
			isa = PBXSourcesBuildPhase;
			buildActionMask = 2147483647;
			files = (
				6143165D1BEF843A0047A37D /* Break_in2Tests.swift in Sources */,
			);
			runOnlyForDeploymentPostprocessing = 0;
		};
		6143165F1BEF843A0047A37D /* Sources */ = {
			isa = PBXSourcesBuildPhase;
			buildActionMask = 2147483647;
			files = (
				614316681BEF843A0047A37D /* Break_in2UITests.swift in Sources */,
			);
			runOnlyForDeploymentPostprocessing = 0;
		};
/* End PBXSourcesBuildPhase section */

/* Begin PBXTargetDependency section */
		6143165A1BEF843A0047A37D /* PBXTargetDependency */ = {
			isa = PBXTargetDependency;
			target = 614316431BEF843A0047A37D /* Break in2 */;
			targetProxy = 614316591BEF843A0047A37D /* PBXContainerItemProxy */;
		};
		614316651BEF843A0047A37D /* PBXTargetDependency */ = {
			isa = PBXTargetDependency;
			target = 614316431BEF843A0047A37D /* Break in2 */;
			targetProxy = 614316641BEF843A0047A37D /* PBXContainerItemProxy */;
		};
/* End PBXTargetDependency section */

/* Begin PBXVariantGroup section */
		6143164B1BEF843A0047A37D /* Main.storyboard */ = {
			isa = PBXVariantGroup;
			children = (
				6143164C1BEF843A0047A37D /* Base */,
			);
			name = Main.storyboard;
			sourceTree = "<group>";
		};
		614316501BEF843A0047A37D /* LaunchScreen.storyboard */ = {
			isa = PBXVariantGroup;
			children = (
				614316511BEF843A0047A37D /* Base */,
			);
			name = LaunchScreen.storyboard;
			sourceTree = "<group>";
		};
/* End PBXVariantGroup section */

/* Begin XCBuildConfiguration section */
		6143166A1BEF843A0047A37D /* Debug */ = {
			isa = XCBuildConfiguration;
			buildSettings = {
				ALWAYS_SEARCH_USER_PATHS = NO;
				CLANG_CXX_LANGUAGE_STANDARD = "gnu++0x";
				CLANG_CXX_LIBRARY = "libc++";
				CLANG_ENABLE_MODULES = YES;
				CLANG_ENABLE_OBJC_ARC = YES;
				CLANG_WARN_BOOL_CONVERSION = YES;
				CLANG_WARN_CONSTANT_CONVERSION = YES;
				CLANG_WARN_DIRECT_OBJC_ISA_USAGE = YES_ERROR;
				CLANG_WARN_EMPTY_BODY = YES;
				CLANG_WARN_ENUM_CONVERSION = YES;
				CLANG_WARN_INT_CONVERSION = YES;
				CLANG_WARN_OBJC_ROOT_CLASS = YES_ERROR;
				CLANG_WARN_UNREACHABLE_CODE = YES;
				CLANG_WARN__DUPLICATE_METHOD_MATCH = YES;
				"CODE_SIGN_IDENTITY[sdk=iphoneos*]" = "iPhone Developer";
				COPY_PHASE_STRIP = NO;
				DEBUG_INFORMATION_FORMAT = dwarf;
				ENABLE_STRICT_OBJC_MSGSEND = YES;
				ENABLE_TESTABILITY = YES;
				GCC_C_LANGUAGE_STANDARD = gnu99;
				GCC_DYNAMIC_NO_PIC = NO;
				GCC_NO_COMMON_BLOCKS = YES;
				GCC_OPTIMIZATION_LEVEL = 0;
				GCC_PREPROCESSOR_DEFINITIONS = (
					"DEBUG=1",
					"$(inherited)",
				);
				GCC_WARN_64_TO_32_BIT_CONVERSION = YES;
				GCC_WARN_ABOUT_RETURN_TYPE = YES_ERROR;
				GCC_WARN_UNDECLARED_SELECTOR = YES;
				GCC_WARN_UNINITIALIZED_AUTOS = YES_AGGRESSIVE;
				GCC_WARN_UNUSED_FUNCTION = YES;
				GCC_WARN_UNUSED_VARIABLE = YES;
				IPHONEOS_DEPLOYMENT_TARGET = 9.1;
				MTL_ENABLE_DEBUG_INFO = YES;
				ONLY_ACTIVE_ARCH = YES;
				SDKROOT = iphoneos;
				SWIFT_OPTIMIZATION_LEVEL = "-Onone";
				TARGETED_DEVICE_FAMILY = "1,2";
			};
			name = Debug;
		};
		6143166B1BEF843A0047A37D /* Release */ = {
			isa = XCBuildConfiguration;
			buildSettings = {
				ALWAYS_SEARCH_USER_PATHS = NO;
				CLANG_CXX_LANGUAGE_STANDARD = "gnu++0x";
				CLANG_CXX_LIBRARY = "libc++";
				CLANG_ENABLE_MODULES = YES;
				CLANG_ENABLE_OBJC_ARC = YES;
				CLANG_WARN_BOOL_CONVERSION = YES;
				CLANG_WARN_CONSTANT_CONVERSION = YES;
				CLANG_WARN_DIRECT_OBJC_ISA_USAGE = YES_ERROR;
				CLANG_WARN_EMPTY_BODY = YES;
				CLANG_WARN_ENUM_CONVERSION = YES;
				CLANG_WARN_INT_CONVERSION = YES;
				CLANG_WARN_OBJC_ROOT_CLASS = YES_ERROR;
				CLANG_WARN_UNREACHABLE_CODE = YES;
				CLANG_WARN__DUPLICATE_METHOD_MATCH = YES;
				"CODE_SIGN_IDENTITY[sdk=iphoneos*]" = "iPhone Developer";
				COPY_PHASE_STRIP = NO;
				DEBUG_INFORMATION_FORMAT = "dwarf-with-dsym";
				ENABLE_NS_ASSERTIONS = NO;
				ENABLE_STRICT_OBJC_MSGSEND = YES;
				GCC_C_LANGUAGE_STANDARD = gnu99;
				GCC_NO_COMMON_BLOCKS = YES;
				GCC_WARN_64_TO_32_BIT_CONVERSION = YES;
				GCC_WARN_ABOUT_RETURN_TYPE = YES_ERROR;
				GCC_WARN_UNDECLARED_SELECTOR = YES;
				GCC_WARN_UNINITIALIZED_AUTOS = YES_AGGRESSIVE;
				GCC_WARN_UNUSED_FUNCTION = YES;
				GCC_WARN_UNUSED_VARIABLE = YES;
				IPHONEOS_DEPLOYMENT_TARGET = 9.1;
				MTL_ENABLE_DEBUG_INFO = NO;
				SDKROOT = iphoneos;
				TARGETED_DEVICE_FAMILY = "1,2";
				VALIDATE_PRODUCT = YES;
			};
			name = Release;
		};
		6143166D1BEF843A0047A37D /* Debug */ = {
			isa = XCBuildConfiguration;
			buildSettings = {
				ASSETCATALOG_COMPILER_APPICON_NAME = AppIcon;
				INFOPLIST_FILE = "Break in2/Info.plist";
				LD_RUNPATH_SEARCH_PATHS = "$(inherited) @executable_path/Frameworks";
				PRODUCT_BUNDLE_IDENTIFIER = "com.example.Break-in2";
				PRODUCT_NAME = "$(TARGET_NAME)";
			};
			name = Debug;
		};
		6143166E1BEF843A0047A37D /* Release */ = {
			isa = XCBuildConfiguration;
			buildSettings = {
				ASSETCATALOG_COMPILER_APPICON_NAME = AppIcon;
				INFOPLIST_FILE = "Break in2/Info.plist";
				LD_RUNPATH_SEARCH_PATHS = "$(inherited) @executable_path/Frameworks";
				PRODUCT_BUNDLE_IDENTIFIER = "com.example.Break-in2";
				PRODUCT_NAME = "$(TARGET_NAME)";
			};
			name = Release;
		};
		614316701BEF843A0047A37D /* Debug */ = {
			isa = XCBuildConfiguration;
			buildSettings = {
				BUNDLE_LOADER = "$(TEST_HOST)";
				INFOPLIST_FILE = "Break in2Tests/Info.plist";
				LD_RUNPATH_SEARCH_PATHS = "$(inherited) @executable_path/Frameworks @loader_path/Frameworks";
				PRODUCT_BUNDLE_IDENTIFIER = "com.example.Break-in2Tests";
				PRODUCT_NAME = "$(TARGET_NAME)";
				TEST_HOST = "$(BUILT_PRODUCTS_DIR)/Break in2.app/Break in2";
			};
			name = Debug;
		};
		614316711BEF843A0047A37D /* Release */ = {
			isa = XCBuildConfiguration;
			buildSettings = {
				BUNDLE_LOADER = "$(TEST_HOST)";
				INFOPLIST_FILE = "Break in2Tests/Info.plist";
				LD_RUNPATH_SEARCH_PATHS = "$(inherited) @executable_path/Frameworks @loader_path/Frameworks";
				PRODUCT_BUNDLE_IDENTIFIER = "com.example.Break-in2Tests";
				PRODUCT_NAME = "$(TARGET_NAME)";
				TEST_HOST = "$(BUILT_PRODUCTS_DIR)/Break in2.app/Break in2";
			};
			name = Release;
		};
		614316731BEF843A0047A37D /* Debug */ = {
			isa = XCBuildConfiguration;
			buildSettings = {
				INFOPLIST_FILE = "Break in2UITests/Info.plist";
				LD_RUNPATH_SEARCH_PATHS = "$(inherited) @executable_path/Frameworks @loader_path/Frameworks";
				PRODUCT_BUNDLE_IDENTIFIER = "com.example.Break-in2UITests";
				PRODUCT_NAME = "$(TARGET_NAME)";
				TEST_TARGET_NAME = "Break in2";
				USES_XCTRUNNER = YES;
			};
			name = Debug;
		};
		614316741BEF843A0047A37D /* Release */ = {
			isa = XCBuildConfiguration;
			buildSettings = {
				INFOPLIST_FILE = "Break in2UITests/Info.plist";
				LD_RUNPATH_SEARCH_PATHS = "$(inherited) @executable_path/Frameworks @loader_path/Frameworks";
				PRODUCT_BUNDLE_IDENTIFIER = "com.example.Break-in2UITests";
				PRODUCT_NAME = "$(TARGET_NAME)";
				TEST_TARGET_NAME = "Break in2";
				USES_XCTRUNNER = YES;
			};
			name = Release;
		};
/* End XCBuildConfiguration section */

/* Begin XCConfigurationList section */
		6143163F1BEF843A0047A37D /* Build configuration list for PBXProject "Break in2" */ = {
			isa = XCConfigurationList;
			buildConfigurations = (
				6143166A1BEF843A0047A37D /* Debug */,
				6143166B1BEF843A0047A37D /* Release */,
			);
			defaultConfigurationIsVisible = 0;
			defaultConfigurationName = Release;
		};
		6143166C1BEF843A0047A37D /* Build configuration list for PBXNativeTarget "Break in2" */ = {
			isa = XCConfigurationList;
			buildConfigurations = (
				6143166D1BEF843A0047A37D /* Debug */,
				6143166E1BEF843A0047A37D /* Release */,
			);
			defaultConfigurationIsVisible = 0;
		};
		6143166F1BEF843A0047A37D /* Build configuration list for PBXNativeTarget "Break in2Tests" */ = {
			isa = XCConfigurationList;
			buildConfigurations = (
				614316701BEF843A0047A37D /* Debug */,
				614316711BEF843A0047A37D /* Release */,
			);
			defaultConfigurationIsVisible = 0;
		};
		614316721BEF843A0047A37D /* Build configuration list for PBXNativeTarget "Break in2UITests" */ = {
			isa = XCConfigurationList;
			buildConfigurations = (
				614316731BEF843A0047A37D /* Debug */,
				614316741BEF843A0047A37D /* Release */,
			);
			defaultConfigurationIsVisible = 0;
		};
/* End XCConfigurationList section */
	};
	rootObject = 6143163C1BEF843A0047A37D /* Project object */;
}
